
Microsoft Visual Studio Solution File, Format Version 12.00
# Visual Studio Version 17
VisualStudioVersion = 17.9.34622.214
MinimumVisualStudioVersion = 10.0.40219.1
Project("{8BC9CEB8-8B4A-11D0-8D11-00A0C91BC942}") = "activitystruct_0009", "activitystruct_0009.vcxproj", "{6A83AE88-27AD-4C00-8BE2-9F4362D7EC87}"
EndProject
Project("{8BC9CEB8-8B4A-11D0-8D11-00A0C91BC942}") = "ContohKedua2", "..\ContohKedua2\ContohKedua2.vcxproj", "{10F91FE3-1400-419E-8349-0935AE9A77BC}"
EndProject
Project("{8BC9CEB8-8B4A-11D0-8D11-00A0C91BC942}") = "ContohKetiga3", "..\ContohKetiga3\ContohKetiga3.vcxproj", "{824CA2CF-C6C3-4B81-84D9-5B3A6F00958D}"
EndProject
Global
	GlobalSection(SolutionConfigurationPlatforms) = preSolution
		Debug|x64 = Debug|x64
		Debug|x86 = Debug|x86
		Release|x64 = Release|x64
		Release|x86 = Release|x86
	EndGlobalSection
	GlobalSection(ProjectConfigurationPlatforms) = postSolution
		{6A83AE88-27AD-4C00-8BE2-9F4362D7EC87}.Debug|x64.ActiveCfg = Debug|x64
		{6A83AE88-27AD-4C00-8BE2-9F4362D7EC87}.Debug|x64.Build.0 = Debug|x64
		{6A83AE88-27AD-4C00-8BE2-9F4362D7EC87}.Debug|x86.ActiveCfg = Debug|Win32
		{6A83AE88-27AD-4C00-8BE2-9F4362D7EC87}.Debug|x86.Build.0 = Debug|Win32
		{6A83AE88-27AD-4C00-8BE2-9F4362D7EC87}.Release|x64.ActiveCfg = Release|x64
		{6A83AE88-27AD-4C00-8BE2-9F4362D7EC87}.Release|x64.Build.0 = Release|x64
		{6A83AE88-27AD-4C00-8BE2-9F4362D7EC87}.Release|x86.ActiveCfg = Release|Win32
		{6A83AE88-27AD-4C00-8BE2-9F4362D7EC87}.Release|x86.Build.0 = Release|Win32
		{10F91FE3-1400-419E-8349-0935AE9A77BC}.Debug|x64.ActiveCfg = Debug|x64
		{10F91FE3-1400-419E-8349-0935AE9A77BC}.Debug|x64.Build.0 = Debug|x64
		{10F91FE3-1400-419E-8349-0935AE9A77BC}.Debug|x86.ActiveCfg = Debug|Win32
		{10F91FE3-1400-419E-8349-0935AE9A77BC}.Debug|x86.Build.0 = Debug|Win32
		{10F91FE3-1400-419E-8349-0935AE9A77BC}.Release|x64.ActiveCfg = Release|x64
		{10F91FE3-1400-419E-8349-0935AE9A77BC}.Release|x64.Build.0 = Release|x64
		{10F91FE3-1400-419E-8349-0935AE9A77BC}.Release|x86.ActiveCfg = Release|Win32
		{10F91FE3-1400-419E-8349-0935AE9A77BC}.Release|x86.Build.0 = Release|Win32
		{824CA2CF-C6C3-4B81-84D9-5B3A6F00958D}.Debug|x64.ActiveCfg = Debug|x64
		{824CA2CF-C6C3-4B81-84D9-5B3A6F00958D}.Debug|x64.Build.0 = Debug|x64
		{824CA2CF-C6C3-4B81-84D9-5B3A6F00958D}.Debug|x86.ActiveCfg = Debug|Win32
		{824CA2CF-C6C3-4B81-84D9-5B3A6F00958D}.Debug|x86.Build.0 = Debug|Win32
		{824CA2CF-C6C3-4B81-84D9-5B3A6F00958D}.Release|x64.ActiveCfg = Release|x64
		{824CA2CF-C6C3-4B81-84D9-5B3A6F00958D}.Release|x64.Build.0 = Release|x64
		{824CA2CF-C6C3-4B81-84D9-5B3A6F00958D}.Release|x86.ActiveCfg = Release|Win32
		{824CA2CF-C6C3-4B81-84D9-5B3A6F00958D}.Release|x86.Build.0 = Release|Win32
	EndGlobalSection
	GlobalSection(SolutionProperties) = preSolution
		HideSolutionNode = FALSE
	EndGlobalSection
	GlobalSection(ExtensibilityGlobals) = postSolution
		SolutionGuid = {A157B643-1685-4B7C-9261-10C5A7FC0F54}
	EndGlobalSection
EndGlobal
